// !$*UTF8*$!
{
	archiveVersion = 1;
	classes = {
	};
	objectVersion = 46;
	objects = {

/* Begin PBXBuildFile section */
		3A20A7861D52A87F005FB972 /* MGPresentOneVC.m in Sources */ = {isa = PBXBuildFile; fileRef = 3A20A7851D52A87F005FB972 /* MGPresentOneVC.m */; };
		3A20A7891D52A8B5005FB972 /* MGPresentedOneController.m in Sources */ = {isa = PBXBuildFile; fileRef = 3A20A7881D52A8B5005FB972 /* MGPresentedOneController.m */; };
		3A20A78C1D52A8DC005FB972 /* MGPresentOneTransition.m in Sources */ = {isa = PBXBuildFile; fileRef = 3A20A78B1D52A8DC005FB972 /* MGPresentOneTransition.m */; };
		3A20A78F1D52A93A005FB972 /* MGPageCoverVC.m in Sources */ = {isa = PBXBuildFile; fileRef = 3A20A78E1D52A93A005FB972 /* MGPageCoverVC.m */; };
		3A20A7931D52A97B005FB972 /* MGCircleSpreadVC.m in Sources */ = {isa = PBXBuildFile; fileRef = 3A20A7921D52A97B005FB972 /* MGCircleSpreadVC.m */; };
		3A20A7961D52B5B5005FB972 /* MGPageCoverPushVC.m in Sources */ = {isa = PBXBuildFile; fileRef = 3A20A7951D52B5B5005FB972 /* MGPageCoverPushVC.m */; };
		3A20A7991D5329A8005FB972 /* MGPageCoverTransition.m in Sources */ = {isa = PBXBuildFile; fileRef = 3A20A7981D5329A8005FB972 /* MGPageCoverTransition.m */; };
		3A20A79F1D532CC3005FB972 /* MGCircleSpreadTransition.m in Sources */ = {isa = PBXBuildFile; fileRef = 3A20A79E1D532CC3005FB972 /* MGCircleSpreadTransition.m */; };
		3A20A7A21D532CE8005FB972 /* MGCircleSpreadPresentedVC.m in Sources */ = {isa = PBXBuildFile; fileRef = 3A20A7A11D532CE8005FB972 /* MGCircleSpreadPresentedVC.m */; };
		3A20A7B01D53346E005FB972 /* MGMagicMoveVC.m in Sources */ = {isa = PBXBuildFile; fileRef = 3A20A7A61D53346E005FB972 /* MGMagicMoveVC.m */; };
		3A20A7B11D53346E005FB972 /* MGMagicMoveCell.m in Sources */ = {isa = PBXBuildFile; fileRef = 3A20A7A91D53346E005FB972 /* MGMagicMoveCell.m */; };
		3A20A7B21D53346E005FB972 /* MGMagicMoveCell.xib in Resources */ = {isa = PBXBuildFile; fileRef = 3A20A7AA1D53346E005FB972 /* MGMagicMoveCell.xib */; };
		3A20A7B31D53346E005FB972 /* MGMagicMovePushVC.m in Sources */ = {isa = PBXBuildFile; fileRef = 3A20A7AE1D53346E005FB972 /* MGMagicMovePushVC.m */; };
		3A20A7B61D5334A5005FB972 /* MGMagicMovePushCell.m in Sources */ = {isa = PBXBuildFile; fileRef = 3A20A7B51D5334A5005FB972 /* MGMagicMovePushCell.m */; };
		3A6CA45A1D5369330060145E /* AppDelegate.m in Sources */ = {isa = PBXBuildFile; fileRef = 3A6CA4551D5369330060145E /* AppDelegate.m */; };
		3A6CA45B1D5369330060145E /* MGInteractiveTransition.m in Sources */ = {isa = PBXBuildFile; fileRef = 3A6CA4571D5369330060145E /* MGInteractiveTransition.m */; };
		3A6CA45C1D5369330060145E /* MGRootTableVC.m in Sources */ = {isa = PBXBuildFile; fileRef = 3A6CA4591D5369330060145E /* MGRootTableVC.m */; };
		3A6CA47D1D5369640060145E /* UIView+anchorPoint.m in Sources */ = {isa = PBXBuildFile; fileRef = 3A6CA4601D5369640060145E /* UIView+anchorPoint.m */; };
		3A6CA47E1D5369640060145E /* UIView+Extension.m in Sources */ = {isa = PBXBuildFile; fileRef = 3A6CA4621D5369640060145E /* UIView+Extension.m */; };
		3A6CA47F1D5369640060145E /* MASCompositeConstraint.m in Sources */ = {isa = PBXBuildFile; fileRef = 3A6CA4651D5369640060145E /* MASCompositeConstraint.m */; };
		3A6CA4801D5369640060145E /* MASConstraint.m in Sources */ = {isa = PBXBuildFile; fileRef = 3A6CA4681D5369640060145E /* MASConstraint.m */; };
		3A6CA4811D5369640060145E /* MASConstraintMaker.m in Sources */ = {isa = PBXBuildFile; fileRef = 3A6CA46A1D5369640060145E /* MASConstraintMaker.m */; };
		3A6CA4821D5369640060145E /* MASLayoutConstraint.m in Sources */ = {isa = PBXBuildFile; fileRef = 3A6CA46C1D5369640060145E /* MASLayoutConstraint.m */; };
		3A6CA4831D5369640060145E /* MASViewAttribute.m in Sources */ = {isa = PBXBuildFile; fileRef = 3A6CA4701D5369640060145E /* MASViewAttribute.m */; };
		3A6CA4841D5369640060145E /* MASViewConstraint.m in Sources */ = {isa = PBXBuildFile; fileRef = 3A6CA4721D5369640060145E /* MASViewConstraint.m */; };
		3A6CA4851D5369640060145E /* NSArray+MASAdditions.m in Sources */ = {isa = PBXBuildFile; fileRef = 3A6CA4741D5369640060145E /* NSArray+MASAdditions.m */; };
		3A6CA4861D5369640060145E /* NSLayoutConstraint+MASDebugAdditions.m in Sources */ = {isa = PBXBuildFile; fileRef = 3A6CA4771D5369640060145E /* NSLayoutConstraint+MASDebugAdditions.m */; };
		3A6CA4871D5369640060145E /* View+MASAdditions.m in Sources */ = {isa = PBXBuildFile; fileRef = 3A6CA4791D5369640060145E /* View+MASAdditions.m */; };
		3A6CA4881D5369640060145E /* ViewController+MASAdditions.m in Sources */ = {isa = PBXBuildFile; fileRef = 3A6CA47C1D5369640060145E /* ViewController+MASAdditions.m */; };
		3A80DA551D5417F10090C4F2 /* GradientView.m in Sources */ = {isa = PBXBuildFile; fileRef = 3A80DA541D5417F10090C4F2 /* GradientView.m */; };
		3A80DA741D54895D0090C4F2 /* HUTransitionAnimator.m in Sources */ = {isa = PBXBuildFile; fileRef = 3A80DA661D54895D0090C4F2 /* HUTransitionAnimator.m */; };
		3A80DA751D54895D0090C4F2 /* HUTransitionGhostAnimator.m in Sources */ = {isa = PBXBuildFile; fileRef = 3A80DA681D54895D0090C4F2 /* HUTransitionGhostAnimator.m */; };
		3A80DA761D54895D0090C4F2 /* HUTransitionHorizontalLinesAnimator.m in Sources */ = {isa = PBXBuildFile; fileRef = 3A80DA6A1D54895D0090C4F2 /* HUTransitionHorizontalLinesAnimator.m */; };
		3A80DA771D54895D0090C4F2 /* HUTransitionVerticalLinesAnimator.m in Sources */ = {isa = PBXBuildFile; fileRef = 3A80DA6C1D54895D0090C4F2 /* HUTransitionVerticalLinesAnimator.m */; };
		3A80DA781D54895D0090C4F2 /* UIViewController+Animator.m in Sources */ = {isa = PBXBuildFile; fileRef = 3A80DA6F1D54895D0090C4F2 /* UIViewController+Animator.m */; };
		3A80DA791D54895D0090C4F2 /* ZBFallenBricksAnimator.m in Sources */ = {isa = PBXBuildFile; fileRef = 3A80DA711D54895D0090C4F2 /* ZBFallenBricksAnimator.m */; };
		3A80DA801D5489B70090C4F2 /* CustomTransitionViewController.m in Sources */ = {isa = PBXBuildFile; fileRef = 3A80DA7C1D5489B70090C4F2 /* CustomTransitionViewController.m */; };
		3A80DA811D5489B70090C4F2 /* CustomTransitionViewController.xib in Resources */ = {isa = PBXBuildFile; fileRef = 3A80DA7D1D5489B70090C4F2 /* CustomTransitionViewController.xib */; };
		3A80DA821D5489B70090C4F2 /* MGAnimationVC.m in Sources */ = {isa = PBXBuildFile; fileRef = 3A80DA7F1D5489B70090C4F2 /* MGAnimationVC.m */; };
		3AB38A841D52E5B8003A7871 /* main.m in Sources */ = {isa = PBXBuildFile; fileRef = 3AB38A831D52E5B8003A7871 /* main.m */; };
		3AB38A8D1D52E5B9003A7871 /* Main.storyboard in Resources */ = {isa = PBXBuildFile; fileRef = 3AB38A8B1D52E5B9003A7871 /* Main.storyboard */; };
		3AB38A901D52E5B9003A7871 /* MGTrasitionPractice.xcdatamodeld in Sources */ = {isa = PBXBuildFile; fileRef = 3AB38A8E1D52E5B9003A7871 /* MGTrasitionPractice.xcdatamodeld */; };
		3AB38A921D52E5B9003A7871 /* Assets.xcassets in Resources */ = {isa = PBXBuildFile; fileRef = 3AB38A911D52E5B9003A7871 /* Assets.xcassets */; };
		3AB38A951D52E5B9003A7871 /* LaunchScreen.storyboard in Resources */ = {isa = PBXBuildFile; fileRef = 3AB38A931D52E5B9003A7871 /* LaunchScreen.storyboard */; };
		3AB38ADD1D52F1E5003A7871 /* MGNaviTransition.m in Sources */ = {isa = PBXBuildFile; fileRef = 3AB38ADC1D52F1E5003A7871 /* MGNaviTransition.m */; };
		F4367383211D3FE200160ACF /* 1.plist in Resources */ = {isa = PBXBuildFile; fileRef = F4367331211D3FE100160ACF /* 1.plist */; };
		F4367384211D3FE200160ACF /* DetailViewController.m in Sources */ = {isa = PBXBuildFile; fileRef = F4367334211D3FE100160ACF /* DetailViewController.m */; };
		F4367385211D3FE200160ACF /* ViewController.m in Sources */ = {isa = PBXBuildFile; fileRef = F4367336211D3FE100160ACF /* ViewController.m */; };
		F4367386211D3FE200160ACF /* AlbumLikeGolden.png in Resources */ = {isa = PBXBuildFile; fileRef = F4367338211D3FE100160ACF /* AlbumLikeGolden.png */; };
		F4367387211D3FE200160ACF /* braceletLiked.png in Resources */ = {isa = PBXBuildFile; fileRef = F4367339211D3FE100160ACF /* braceletLiked.png */; };
		F4367388211D3FE200160ACF /* chatListCellHead@2x.png in Resources */ = {isa = PBXBuildFile; fileRef = F436733A211D3FE100160ACF /* chatListCellHead@2x.png */; };
		F4367393211D3FE200160ACF /* OUNavAnimation.m in Sources */ = {isa = PBXBuildFile; fileRef = F4367357211D3FE100160ACF /* OUNavAnimation.m */; };
		F4367394211D3FE200160ACF /* OUNavigationController.m in Sources */ = {isa = PBXBuildFile; fileRef = F4367359211D3FE100160ACF /* OUNavigationController.m */; };
		F4367395211D3FE200160ACF /* MKAnnotationView+WebCache.m in Sources */ = {isa = PBXBuildFile; fileRef = F436735C211D3FE100160ACF /* MKAnnotationView+WebCache.m */; };
		F4367396211D3FE200160ACF /* NSData+ImageContentType.m in Sources */ = {isa = PBXBuildFile; fileRef = F436735E211D3FE100160ACF /* NSData+ImageContentType.m */; };
		F4367397211D3FE200160ACF /* SDImageCache.m in Sources */ = {isa = PBXBuildFile; fileRef = F4367360211D3FE100160ACF /* SDImageCache.m */; };
		F4367398211D3FE200160ACF /* SDWebImageCompat.m in Sources */ = {isa = PBXBuildFile; fileRef = F4367362211D3FE200160ACF /* SDWebImageCompat.m */; };
		F4367399211D3FE200160ACF /* SDWebImageDecoder.m in Sources */ = {isa = PBXBuildFile; fileRef = F4367364211D3FE200160ACF /* SDWebImageDecoder.m */; };
		F436739A211D3FE200160ACF /* SDWebImageDownloader.m in Sources */ = {isa = PBXBuildFile; fileRef = F4367366211D3FE200160ACF /* SDWebImageDownloader.m */; };
		F436739B211D3FE200160ACF /* SDWebImageDownloaderOperation.m in Sources */ = {isa = PBXBuildFile; fileRef = F4367368211D3FE200160ACF /* SDWebImageDownloaderOperation.m */; };
		F436739C211D3FE200160ACF /* SDWebImageManager.m in Sources */ = {isa = PBXBuildFile; fileRef = F436736A211D3FE200160ACF /* SDWebImageManager.m */; };
		F436739D211D3FE200160ACF /* SDWebImagePrefetcher.m in Sources */ = {isa = PBXBuildFile; fileRef = F436736D211D3FE200160ACF /* SDWebImagePrefetcher.m */; };
		F436739E211D3FE200160ACF /* UIButton+WebCache.m in Sources */ = {isa = PBXBuildFile; fileRef = F436736F211D3FE200160ACF /* UIButton+WebCache.m */; };
		F436739F211D3FE200160ACF /* UIImage+GIF.m in Sources */ = {isa = PBXBuildFile; fileRef = F4367371211D3FE200160ACF /* UIImage+GIF.m */; };
		F43673A0211D3FE200160ACF /* UIImage+MultiFormat.m in Sources */ = {isa = PBXBuildFile; fileRef = F4367373211D3FE200160ACF /* UIImage+MultiFormat.m */; };
		F43673A1211D3FE200160ACF /* UIImage+WebP.m in Sources */ = {isa = PBXBuildFile; fileRef = F4367375211D3FE200160ACF /* UIImage+WebP.m */; };
		F43673A2211D3FE200160ACF /* UIImageView+HighlightedWebCache.m in Sources */ = {isa = PBXBuildFile; fileRef = F4367377211D3FE200160ACF /* UIImageView+HighlightedWebCache.m */; };
		F43673A3211D3FE200160ACF /* UIImageView+WebCache.m in Sources */ = {isa = PBXBuildFile; fileRef = F4367379211D3FE200160ACF /* UIImageView+WebCache.m */; };
		F43673A4211D3FE200160ACF /* UIView+WebCacheOperation.m in Sources */ = {isa = PBXBuildFile; fileRef = F436737B211D3FE200160ACF /* UIView+WebCacheOperation.m */; };
		F43673A5211D3FE200160ACF /* Model.m in Sources */ = {isa = PBXBuildFile; fileRef = F436737E211D3FE200160ACF /* Model.m */; };
		F43673A6211D3FE200160ACF /* OJLCollectionViewCell.m in Sources */ = {isa = PBXBuildFile; fileRef = F4367381211D3FE200160ACF /* OJLCollectionViewCell.m */; };
		F43673A7211D3FE200160ACF /* OJLCollectionViewCell.xib in Resources */ = {isa = PBXBuildFile; fileRef = F4367382211D3FE200160ACF /* OJLCollectionViewCell.xib */; };
		F43673AB211D410200160ACF /* OJLWaterLayout.m in Sources */ = {isa = PBXBuildFile; fileRef = F43673AA211D410200160ACF /* OJLWaterLayout.m */; };
/* End PBXBuildFile section */

/* Begin PBXFileReference section */
		3A20A7841D52A87F005FB972 /* MGPresentOneVC.h */ = {isa = PBXFileReference; fileEncoding = 4; lastKnownFileType = sourcecode.c.h; path = MGPresentOneVC.h; sourceTree = "<group>"; };
		3A20A7851D52A87F005FB972 /* MGPresentOneVC.m */ = {isa = PBXFileReference; fileEncoding = 4; lastKnownFileType = sourcecode.c.objc; path = MGPresentOneVC.m; sourceTree = "<group>"; };
		3A20A7871D52A8B5005FB972 /* MGPresentedOneController.h */ = {isa = PBXFileReference; fileEncoding = 4; lastKnownFileType = sourcecode.c.h; path = MGPresentedOneController.h; sourceTree = "<group>"; };
		3A20A7881D52A8B5005FB972 /* MGPresentedOneController.m */ = {isa = PBXFileReference; fileEncoding = 4; lastKnownFileType = sourcecode.c.objc; path = MGPresentedOneController.m; sourceTree = "<group>"; };
		3A20A78A1D52A8DC005FB972 /* MGPresentOneTransition.h */ = {isa = PBXFileReference; fileEncoding = 4; lastKnownFileType = sourcecode.c.h; path = MGPresentOneTransition.h; sourceTree = "<group>"; };
		3A20A78B1D52A8DC005FB972 /* MGPresentOneTransition.m */ = {isa = PBXFileReference; fileEncoding = 4; lastKnownFileType = sourcecode.c.objc; path = MGPresentOneTransition.m; sourceTree = "<group>"; };
		3A20A78D1D52A93A005FB972 /* MGPageCoverVC.h */ = {isa = PBXFileReference; fileEncoding = 4; lastKnownFileType = sourcecode.c.h; path = MGPageCoverVC.h; sourceTree = "<group>"; };
		3A20A78E1D52A93A005FB972 /* MGPageCoverVC.m */ = {isa = PBXFileReference; fileEncoding = 4; lastKnownFileType = sourcecode.c.objc; path = MGPageCoverVC.m; sourceTree = "<group>"; };
		3A20A7911D52A97B005FB972 /* MGCircleSpreadVC.h */ = {isa = PBXFileReference; fileEncoding = 4; lastKnownFileType = sourcecode.c.h; path = MGCircleSpreadVC.h; sourceTree = "<group>"; };
		3A20A7921D52A97B005FB972 /* MGCircleSpreadVC.m */ = {isa = PBXFileReference; fileEncoding = 4; lastKnownFileType = sourcecode.c.objc; path = MGCircleSpreadVC.m; sourceTree = "<group>"; };
		3A20A7941D52B5B5005FB972 /* MGPageCoverPushVC.h */ = {isa = PBXFileReference; fileEncoding = 4; lastKnownFileType = sourcecode.c.h; path = MGPageCoverPushVC.h; sourceTree = "<group>"; };
		3A20A7951D52B5B5005FB972 /* MGPageCoverPushVC.m */ = {isa = PBXFileReference; fileEncoding = 4; lastKnownFileType = sourcecode.c.objc; path = MGPageCoverPushVC.m; sourceTree = "<group>"; };
		3A20A7971D5329A8005FB972 /* MGPageCoverTransition.h */ = {isa = PBXFileReference; fileEncoding = 4; lastKnownFileType = sourcecode.c.h; path = MGPageCoverTransition.h; sourceTree = "<group>"; };
		3A20A7981D5329A8005FB972 /* MGPageCoverTransition.m */ = {isa = PBXFileReference; fileEncoding = 4; lastKnownFileType = sourcecode.c.objc; path = MGPageCoverTransition.m; sourceTree = "<group>"; };
		3A20A79D1D532CC3005FB972 /* MGCircleSpreadTransition.h */ = {isa = PBXFileReference; fileEncoding = 4; lastKnownFileType = sourcecode.c.h; path = MGCircleSpreadTransition.h; sourceTree = "<group>"; };
		3A20A79E1D532CC3005FB972 /* MGCircleSpreadTransition.m */ = {isa = PBXFileReference; fileEncoding = 4; lastKnownFileType = sourcecode.c.objc; path = MGCircleSpreadTransition.m; sourceTree = "<group>"; };
		3A20A7A01D532CE7005FB972 /* MGCircleSpreadPresentedVC.h */ = {isa = PBXFileReference; fileEncoding = 4; lastKnownFileType = sourcecode.c.h; path = MGCircleSpreadPresentedVC.h; sourceTree = "<group>"; };
		3A20A7A11D532CE8005FB972 /* MGCircleSpreadPresentedVC.m */ = {isa = PBXFileReference; fileEncoding = 4; lastKnownFileType = sourcecode.c.objc; path = MGCircleSpreadPresentedVC.m; sourceTree = "<group>"; };
		3A20A7A51D53346E005FB972 /* MGMagicMoveVC.h */ = {isa = PBXFileReference; fileEncoding = 4; lastKnownFileType = sourcecode.c.h; path = MGMagicMoveVC.h; sourceTree = "<group>"; };
		3A20A7A61D53346E005FB972 /* MGMagicMoveVC.m */ = {isa = PBXFileReference; fileEncoding = 4; lastKnownFileType = sourcecode.c.objc; path = MGMagicMoveVC.m; sourceTree = "<group>"; };
		3A20A7A81D53346E005FB972 /* MGMagicMoveCell.h */ = {isa = PBXFileReference; fileEncoding = 4; lastKnownFileType = sourcecode.c.h; path = MGMagicMoveCell.h; sourceTree = "<group>"; };
		3A20A7A91D53346E005FB972 /* MGMagicMoveCell.m */ = {isa = PBXFileReference; fileEncoding = 4; lastKnownFileType = sourcecode.c.objc; path = MGMagicMoveCell.m; sourceTree = "<group>"; };
		3A20A7AA1D53346E005FB972 /* MGMagicMoveCell.xib */ = {isa = PBXFileReference; fileEncoding = 4; lastKnownFileType = file.xib; path = MGMagicMoveCell.xib; sourceTree = "<group>"; };
		3A20A7AD1D53346E005FB972 /* MGMagicMovePushVC.h */ = {isa = PBXFileReference; fileEncoding = 4; lastKnownFileType = sourcecode.c.h; path = MGMagicMovePushVC.h; sourceTree = "<group>"; };
		3A20A7AE1D53346E005FB972 /* MGMagicMovePushVC.m */ = {isa = PBXFileReference; fileEncoding = 4; lastKnownFileType = sourcecode.c.objc; path = MGMagicMovePushVC.m; sourceTree = "<group>"; };
		3A20A7B41D5334A5005FB972 /* MGMagicMovePushCell.h */ = {isa = PBXFileReference; fileEncoding = 4; lastKnownFileType = sourcecode.c.h; path = MGMagicMovePushCell.h; sourceTree = "<group>"; };
		3A20A7B51D5334A5005FB972 /* MGMagicMovePushCell.m */ = {isa = PBXFileReference; fileEncoding = 4; lastKnownFileType = sourcecode.c.objc; path = MGMagicMovePushCell.m; sourceTree = "<group>"; };
		3A6CA4541D5369330060145E /* AppDelegate.h */ = {isa = PBXFileReference; fileEncoding = 4; lastKnownFileType = sourcecode.c.h; path = AppDelegate.h; sourceTree = "<group>"; };
		3A6CA4551D5369330060145E /* AppDelegate.m */ = {isa = PBXFileReference; fileEncoding = 4; lastKnownFileType = sourcecode.c.objc; path = AppDelegate.m; sourceTree = "<group>"; };
		3A6CA4561D5369330060145E /* MGInteractiveTransition.h */ = {isa = PBXFileReference; fileEncoding = 4; lastKnownFileType = sourcecode.c.h; path = MGInteractiveTransition.h; sourceTree = "<group>"; };
		3A6CA4571D5369330060145E /* MGInteractiveTransition.m */ = {isa = PBXFileReference; fileEncoding = 4; lastKnownFileType = sourcecode.c.objc; path = MGInteractiveTransition.m; sourceTree = "<group>"; };
		3A6CA4581D5369330060145E /* MGRootTableVC.h */ = {isa = PBXFileReference; fileEncoding = 4; lastKnownFileType = sourcecode.c.h; path = MGRootTableVC.h; sourceTree = "<group>"; };
		3A6CA4591D5369330060145E /* MGRootTableVC.m */ = {isa = PBXFileReference; fileEncoding = 4; lastKnownFileType = sourcecode.c.objc; path = MGRootTableVC.m; sourceTree = "<group>"; };
		3A6CA45F1D5369640060145E /* UIView+anchorPoint.h */ = {isa = PBXFileReference; fileEncoding = 4; lastKnownFileType = sourcecode.c.h; path = "UIView+anchorPoint.h"; sourceTree = "<group>"; };
		3A6CA4601D5369640060145E /* UIView+anchorPoint.m */ = {isa = PBXFileReference; fileEncoding = 4; lastKnownFileType = sourcecode.c.objc; path = "UIView+anchorPoint.m"; sourceTree = "<group>"; };
		3A6CA4611D5369640060145E /* UIView+Extension.h */ = {isa = PBXFileReference; fileEncoding = 4; lastKnownFileType = sourcecode.c.h; path = "UIView+Extension.h"; sourceTree = "<group>"; };
		3A6CA4621D5369640060145E /* UIView+Extension.m */ = {isa = PBXFileReference; fileEncoding = 4; lastKnownFileType = sourcecode.c.objc; path = "UIView+Extension.m"; sourceTree = "<group>"; };
		3A6CA4641D5369640060145E /* MASCompositeConstraint.h */ = {isa = PBXFileReference; fileEncoding = 4; lastKnownFileType = sourcecode.c.h; path = MASCompositeConstraint.h; sourceTree = "<group>"; };
		3A6CA4651D5369640060145E /* MASCompositeConstraint.m */ = {isa = PBXFileReference; fileEncoding = 4; lastKnownFileType = sourcecode.c.objc; path = MASCompositeConstraint.m; sourceTree = "<group>"; };
		3A6CA4661D5369640060145E /* MASConstraint+Private.h */ = {isa = PBXFileReference; fileEncoding = 4; lastKnownFileType = sourcecode.c.h; path = "MASConstraint+Private.h"; sourceTree = "<group>"; };
		3A6CA4671D5369640060145E /* MASConstraint.h */ = {isa = PBXFileReference; fileEncoding = 4; lastKnownFileType = sourcecode.c.h; path = MASConstraint.h; sourceTree = "<group>"; };
		3A6CA4681D5369640060145E /* MASConstraint.m */ = {isa = PBXFileReference; fileEncoding = 4; lastKnownFileType = sourcecode.c.objc; path = MASConstraint.m; sourceTree = "<group>"; };
		3A6CA4691D5369640060145E /* MASConstraintMaker.h */ = {isa = PBXFileReference; fileEncoding = 4; lastKnownFileType = sourcecode.c.h; path = MASConstraintMaker.h; sourceTree = "<group>"; };
		3A6CA46A1D5369640060145E /* MASConstraintMaker.m */ = {isa = PBXFileReference; fileEncoding = 4; lastKnownFileType = sourcecode.c.objc; path = MASConstraintMaker.m; sourceTree = "<group>"; };
		3A6CA46B1D5369640060145E /* MASLayoutConstraint.h */ = {isa = PBXFileReference; fileEncoding = 4; lastKnownFileType = sourcecode.c.h; path = MASLayoutConstraint.h; sourceTree = "<group>"; };
		3A6CA46C1D5369640060145E /* MASLayoutConstraint.m */ = {isa = PBXFileReference; fileEncoding = 4; lastKnownFileType = sourcecode.c.objc; path = MASLayoutConstraint.m; sourceTree = "<group>"; };
		3A6CA46D1D5369640060145E /* Masonry.h */ = {isa = PBXFileReference; fileEncoding = 4; lastKnownFileType = sourcecode.c.h; path = Masonry.h; sourceTree = "<group>"; };
		3A6CA46E1D5369640060145E /* MASUtilities.h */ = {isa = PBXFileReference; fileEncoding = 4; lastKnownFileType = sourcecode.c.h; path = MASUtilities.h; sourceTree = "<group>"; };
		3A6CA46F1D5369640060145E /* MASViewAttribute.h */ = {isa = PBXFileReference; fileEncoding = 4; lastKnownFileType = sourcecode.c.h; path = MASViewAttribute.h; sourceTree = "<group>"; };
		3A6CA4701D5369640060145E /* MASViewAttribute.m */ = {isa = PBXFileReference; fileEncoding = 4; lastKnownFileType = sourcecode.c.objc; path = MASViewAttribute.m; sourceTree = "<group>"; };
		3A6CA4711D5369640060145E /* MASViewConstraint.h */ = {isa = PBXFileReference; fileEncoding = 4; lastKnownFileType = sourcecode.c.h; path = MASViewConstraint.h; sourceTree = "<group>"; };
		3A6CA4721D5369640060145E /* MASViewConstraint.m */ = {isa = PBXFileReference; fileEncoding = 4; lastKnownFileType = sourcecode.c.objc; path = MASViewConstraint.m; sourceTree = "<group>"; };
		3A6CA4731D5369640060145E /* NSArray+MASAdditions.h */ = {isa = PBXFileReference; fileEncoding = 4; lastKnownFileType = sourcecode.c.h; path = "NSArray+MASAdditions.h"; sourceTree = "<group>"; };
		3A6CA4741D5369640060145E /* NSArray+MASAdditions.m */ = {isa = PBXFileReference; fileEncoding = 4; lastKnownFileType = sourcecode.c.objc; path = "NSArray+MASAdditions.m"; sourceTree = "<group>"; };
		3A6CA4751D5369640060145E /* NSArray+MASShorthandAdditions.h */ = {isa = PBXFileReference; fileEncoding = 4; lastKnownFileType = sourcecode.c.h; path = "NSArray+MASShorthandAdditions.h"; sourceTree = "<group>"; };
		3A6CA4761D5369640060145E /* NSLayoutConstraint+MASDebugAdditions.h */ = {isa = PBXFileReference; fileEncoding = 4; lastKnownFileType = sourcecode.c.h; path = "NSLayoutConstraint+MASDebugAdditions.h"; sourceTree = "<group>"; };
		3A6CA4771D5369640060145E /* NSLayoutConstraint+MASDebugAdditions.m */ = {isa = PBXFileReference; fileEncoding = 4; lastKnownFileType = sourcecode.c.objc; path = "NSLayoutConstraint+MASDebugAdditions.m"; sourceTree = "<group>"; };
		3A6CA4781D5369640060145E /* View+MASAdditions.h */ = {isa = PBXFileReference; fileEncoding = 4; lastKnownFileType = sourcecode.c.h; path = "View+MASAdditions.h"; sourceTree = "<group>"; };
		3A6CA4791D5369640060145E /* View+MASAdditions.m */ = {isa = PBXFileReference; fileEncoding = 4; lastKnownFileType = sourcecode.c.objc; path = "View+MASAdditions.m"; sourceTree = "<group>"; };
		3A6CA47A1D5369640060145E /* View+MASShorthandAdditions.h */ = {isa = PBXFileReference; fileEncoding = 4; lastKnownFileType = sourcecode.c.h; path = "View+MASShorthandAdditions.h"; sourceTree = "<group>"; };
		3A6CA47B1D5369640060145E /* ViewController+MASAdditions.h */ = {isa = PBXFileReference; fileEncoding = 4; lastKnownFileType = sourcecode.c.h; path = "ViewController+MASAdditions.h"; sourceTree = "<group>"; };
		3A6CA47C1D5369640060145E /* ViewController+MASAdditions.m */ = {isa = PBXFileReference; fileEncoding = 4; lastKnownFileType = sourcecode.c.objc; path = "ViewController+MASAdditions.m"; sourceTree = "<group>"; };
		3A80DA531D5417F10090C4F2 /* GradientView.h */ = {isa = PBXFileReference; fileEncoding = 4; lastKnownFileType = sourcecode.c.h; path = GradientView.h; sourceTree = "<group>"; };
		3A80DA541D5417F10090C4F2 /* GradientView.m */ = {isa = PBXFileReference; fileEncoding = 4; lastKnownFileType = sourcecode.c.objc; path = GradientView.m; sourceTree = "<group>"; };
		3A80DA651D54895D0090C4F2 /* HUTransitionAnimator.h */ = {isa = PBXFileReference; fileEncoding = 4; lastKnownFileType = sourcecode.c.h; path = HUTransitionAnimator.h; sourceTree = "<group>"; };
		3A80DA661D54895D0090C4F2 /* HUTransitionAnimator.m */ = {isa = PBXFileReference; fileEncoding = 4; lastKnownFileType = sourcecode.c.objc; path = HUTransitionAnimator.m; sourceTree = "<group>"; };
		3A80DA671D54895D0090C4F2 /* HUTransitionGhostAnimator.h */ = {isa = PBXFileReference; fileEncoding = 4; lastKnownFileType = sourcecode.c.h; path = HUTransitionGhostAnimator.h; sourceTree = "<group>"; };
		3A80DA681D54895D0090C4F2 /* HUTransitionGhostAnimator.m */ = {isa = PBXFileReference; fileEncoding = 4; lastKnownFileType = sourcecode.c.objc; path = HUTransitionGhostAnimator.m; sourceTree = "<group>"; };
		3A80DA691D54895D0090C4F2 /* HUTransitionHorizontalLinesAnimator.h */ = {isa = PBXFileReference; fileEncoding = 4; lastKnownFileType = sourcecode.c.h; path = HUTransitionHorizontalLinesAnimator.h; sourceTree = "<group>"; };
		3A80DA6A1D54895D0090C4F2 /* HUTransitionHorizontalLinesAnimator.m */ = {isa = PBXFileReference; fileEncoding = 4; lastKnownFileType = sourcecode.c.objc; path = HUTransitionHorizontalLinesAnimator.m; sourceTree = "<group>"; };
		3A80DA6B1D54895D0090C4F2 /* HUTransitionVerticalLinesAnimator.h */ = {isa = PBXFileReference; fileEncoding = 4; lastKnownFileType = sourcecode.c.h; path = HUTransitionVerticalLinesAnimator.h; sourceTree = "<group>"; };
		3A80DA6C1D54895D0090C4F2 /* HUTransitionVerticalLinesAnimator.m */ = {isa = PBXFileReference; fileEncoding = 4; lastKnownFileType = sourcecode.c.objc; path = HUTransitionVerticalLinesAnimator.m; sourceTree = "<group>"; };
		3A80DA6E1D54895D0090C4F2 /* UIViewController+Animator.h */ = {isa = PBXFileReference; fileEncoding = 4; lastKnownFileType = sourcecode.c.h; path = "UIViewController+Animator.h"; sourceTree = "<group>"; };
		3A80DA6F1D54895D0090C4F2 /* UIViewController+Animator.m */ = {isa = PBXFileReference; fileEncoding = 4; lastKnownFileType = sourcecode.c.objc; path = "UIViewController+Animator.m"; sourceTree = "<group>"; };
		3A80DA701D54895D0090C4F2 /* ZBFallenBricksAnimator.h */ = {isa = PBXFileReference; fileEncoding = 4; lastKnownFileType = sourcecode.c.h; path = ZBFallenBricksAnimator.h; sourceTree = "<group>"; };
		3A80DA711D54895D0090C4F2 /* ZBFallenBricksAnimator.m */ = {isa = PBXFileReference; fileEncoding = 4; lastKnownFileType = sourcecode.c.objc; path = ZBFallenBricksAnimator.m; sourceTree = "<group>"; };
		3A80DA7B1D5489B70090C4F2 /* CustomTransitionViewController.h */ = {isa = PBXFileReference; fileEncoding = 4; lastKnownFileType = sourcecode.c.h; path = CustomTransitionViewController.h; sourceTree = "<group>"; };
		3A80DA7C1D5489B70090C4F2 /* CustomTransitionViewController.m */ = {isa = PBXFileReference; fileEncoding = 4; lastKnownFileType = sourcecode.c.objc; path = CustomTransitionViewController.m; sourceTree = "<group>"; };
		3A80DA7D1D5489B70090C4F2 /* CustomTransitionViewController.xib */ = {isa = PBXFileReference; fileEncoding = 4; lastKnownFileType = file.xib; path = CustomTransitionViewController.xib; sourceTree = "<group>"; };
		3A80DA7E1D5489B70090C4F2 /* MGAnimationVC.h */ = {isa = PBXFileReference; fileEncoding = 4; lastKnownFileType = sourcecode.c.h; path = MGAnimationVC.h; sourceTree = "<group>"; };
		3A80DA7F1D5489B70090C4F2 /* MGAnimationVC.m */ = {isa = PBXFileReference; fileEncoding = 4; lastKnownFileType = sourcecode.c.objc; path = MGAnimationVC.m; sourceTree = "<group>"; };
		3AB38A7F1D52E5B8003A7871 /* MGTrasitionPractice.app */ = {isa = PBXFileReference; explicitFileType = wrapper.application; includeInIndex = 0; path = MGTrasitionPractice.app; sourceTree = BUILT_PRODUCTS_DIR; };
		3AB38A831D52E5B8003A7871 /* main.m */ = {isa = PBXFileReference; lastKnownFileType = sourcecode.c.objc; path = main.m; sourceTree = "<group>"; };
		3AB38A8C1D52E5B9003A7871 /* Base */ = {isa = PBXFileReference; lastKnownFileType = file.storyboard; name = Base; path = Base.lproj/Main.storyboard; sourceTree = "<group>"; };
		3AB38A8F1D52E5B9003A7871 /* MGTrasitionPractice.xcdatamodel */ = {isa = PBXFileReference; lastKnownFileType = wrapper.xcdatamodel; path = MGTrasitionPractice.xcdatamodel; sourceTree = "<group>"; };
		3AB38A911D52E5B9003A7871 /* Assets.xcassets */ = {isa = PBXFileReference; lastKnownFileType = folder.assetcatalog; path = Assets.xcassets; sourceTree = "<group>"; };
		3AB38A941D52E5B9003A7871 /* Base */ = {isa = PBXFileReference; lastKnownFileType = file.storyboard; name = Base; path = Base.lproj/LaunchScreen.storyboard; sourceTree = "<group>"; };
		3AB38A961D52E5B9003A7871 /* Info.plist */ = {isa = PBXFileReference; lastKnownFileType = text.plist.xml; path = Info.plist; sourceTree = "<group>"; };
		3AB38AB21D52F0BA003A7871 /* PrefixHeader.pch */ = {isa = PBXFileReference; fileEncoding = 4; lastKnownFileType = sourcecode.c.h; path = PrefixHeader.pch; sourceTree = "<group>"; };
		3AB38ADB1D52F1E5003A7871 /* MGNaviTransition.h */ = {isa = PBXFileReference; fileEncoding = 4; lastKnownFileType = sourcecode.c.h; path = MGNaviTransition.h; sourceTree = "<group>"; };
		3AB38ADC1D52F1E5003A7871 /* MGNaviTransition.m */ = {isa = PBXFileReference; fileEncoding = 4; lastKnownFileType = sourcecode.c.objc; path = MGNaviTransition.m; sourceTree = "<group>"; };
		F4367331211D3FE100160ACF /* 1.plist */ = {isa = PBXFileReference; fileEncoding = 4; lastKnownFileType = text.plist.xml; path = 1.plist; sourceTree = "<group>"; };
		F4367333211D3FE100160ACF /* DetailViewController.h */ = {isa = PBXFileReference; fileEncoding = 4; lastKnownFileType = sourcecode.c.h; path = DetailViewController.h; sourceTree = "<group>"; };
		F4367334211D3FE100160ACF /* DetailViewController.m */ = {isa = PBXFileReference; fileEncoding = 4; lastKnownFileType = sourcecode.c.objc; path = DetailViewController.m; sourceTree = "<group>"; };
		F4367335211D3FE100160ACF /* ViewController.h */ = {isa = PBXFileReference; fileEncoding = 4; lastKnownFileType = sourcecode.c.h; path = ViewController.h; sourceTree = "<group>"; };
		F4367336211D3FE100160ACF /* ViewController.m */ = {isa = PBXFileReference; fileEncoding = 4; lastKnownFileType = sourcecode.c.objc; path = ViewController.m; sourceTree = "<group>"; };
		F4367338211D3FE100160ACF /* AlbumLikeGolden.png */ = {isa = PBXFileReference; lastKnownFileType = image.png; path = AlbumLikeGolden.png; sourceTree = "<group>"; };
		F4367339211D3FE100160ACF /* braceletLiked.png */ = {isa = PBXFileReference; lastKnownFileType = image.png; path = braceletLiked.png; sourceTree = "<group>"; };
		F436733A211D3FE100160ACF /* chatListCellHead@2x.png */ = {isa = PBXFileReference; lastKnownFileType = image.png; path = "chatListCellHead@2x.png"; sourceTree = "<group>"; };
		F4367356211D3FE100160ACF /* OUNavAnimation.h */ = {isa = PBXFileReference; fileEncoding = 4; lastKnownFileType = sourcecode.c.h; path = OUNavAnimation.h; sourceTree = "<group>"; };
		F4367357211D3FE100160ACF /* OUNavAnimation.m */ = {isa = PBXFileReference; fileEncoding = 4; lastKnownFileType = sourcecode.c.objc; path = OUNavAnimation.m; sourceTree = "<group>"; };
		F4367358211D3FE100160ACF /* OUNavigationController.h */ = {isa = PBXFileReference; fileEncoding = 4; lastKnownFileType = sourcecode.c.h; path = OUNavigationController.h; sourceTree = "<group>"; };
		F4367359211D3FE100160ACF /* OUNavigationController.m */ = {isa = PBXFileReference; fileEncoding = 4; lastKnownFileType = sourcecode.c.objc; path = OUNavigationController.m; sourceTree = "<group>"; };
		F436735B211D3FE100160ACF /* MKAnnotationView+WebCache.h */ = {isa = PBXFileReference; fileEncoding = 4; lastKnownFileType = sourcecode.c.h; path = "MKAnnotationView+WebCache.h"; sourceTree = "<group>"; };
		F436735C211D3FE100160ACF /* MKAnnotationView+WebCache.m */ = {isa = PBXFileReference; fileEncoding = 4; lastKnownFileType = sourcecode.c.objc; path = "MKAnnotationView+WebCache.m"; sourceTree = "<group>"; };
		F436735D211D3FE100160ACF /* NSData+ImageContentType.h */ = {isa = PBXFileReference; fileEncoding = 4; lastKnownFileType = sourcecode.c.h; path = "NSData+ImageContentType.h"; sourceTree = "<group>"; };
		F436735E211D3FE100160ACF /* NSData+ImageContentType.m */ = {isa = PBXFileReference; fileEncoding = 4; lastKnownFileType = sourcecode.c.objc; path = "NSData+ImageContentType.m"; sourceTree = "<group>"; };
		F436735F211D3FE100160ACF /* SDImageCache.h */ = {isa = PBXFileReference; fileEncoding = 4; lastKnownFileType = sourcecode.c.h; path = SDImageCache.h; sourceTree = "<group>"; };
		F4367360211D3FE100160ACF /* SDImageCache.m */ = {isa = PBXFileReference; fileEncoding = 4; lastKnownFileType = sourcecode.c.objc; path = SDImageCache.m; sourceTree = "<group>"; };
		F4367361211D3FE200160ACF /* SDWebImageCompat.h */ = {isa = PBXFileReference; fileEncoding = 4; lastKnownFileType = sourcecode.c.h; path = SDWebImageCompat.h; sourceTree = "<group>"; };
		F4367362211D3FE200160ACF /* SDWebImageCompat.m */ = {isa = PBXFileReference; fileEncoding = 4; lastKnownFileType = sourcecode.c.objc; path = SDWebImageCompat.m; sourceTree = "<group>"; };
		F4367363211D3FE200160ACF /* SDWebImageDecoder.h */ = {isa = PBXFileReference; fileEncoding = 4; lastKnownFileType = sourcecode.c.h; path = SDWebImageDecoder.h; sourceTree = "<group>"; };
		F4367364211D3FE200160ACF /* SDWebImageDecoder.m */ = {isa = PBXFileReference; fileEncoding = 4; lastKnownFileType = sourcecode.c.objc; path = SDWebImageDecoder.m; sourceTree = "<group>"; };
		F4367365211D3FE200160ACF /* SDWebImageDownloader.h */ = {isa = PBXFileReference; fileEncoding = 4; lastKnownFileType = sourcecode.c.h; path = SDWebImageDownloader.h; sourceTree = "<group>"; };
		F4367366211D3FE200160ACF /* SDWebImageDownloader.m */ = {isa = PBXFileReference; fileEncoding = 4; lastKnownFileType = sourcecode.c.objc; path = SDWebImageDownloader.m; sourceTree = "<group>"; };
		F4367367211D3FE200160ACF /* SDWebImageDownloaderOperation.h */ = {isa = PBXFileReference; fileEncoding = 4; lastKnownFileType = sourcecode.c.h; path = SDWebImageDownloaderOperation.h; sourceTree = "<group>"; };
		F4367368211D3FE200160ACF /* SDWebImageDownloaderOperation.m */ = {isa = PBXFileReference; fileEncoding = 4; lastKnownFileType = sourcecode.c.objc; path = SDWebImageDownloaderOperation.m; sourceTree = "<group>"; };
		F4367369211D3FE200160ACF /* SDWebImageManager.h */ = {isa = PBXFileReference; fileEncoding = 4; lastKnownFileType = sourcecode.c.h; path = SDWebImageManager.h; sourceTree = "<group>"; };
		F436736A211D3FE200160ACF /* SDWebImageManager.m */ = {isa = PBXFileReference; fileEncoding = 4; lastKnownFileType = sourcecode.c.objc; path = SDWebImageManager.m; sourceTree = "<group>"; };
		F436736B211D3FE200160ACF /* SDWebImageOperation.h */ = {isa = PBXFileReference; fileEncoding = 4; lastKnownFileType = sourcecode.c.h; path = SDWebImageOperation.h; sourceTree = "<group>"; };
		F436736C211D3FE200160ACF /* SDWebImagePrefetcher.h */ = {isa = PBXFileReference; fileEncoding = 4; lastKnownFileType = sourcecode.c.h; path = SDWebImagePrefetcher.h; sourceTree = "<group>"; };
		F436736D211D3FE200160ACF /* SDWebImagePrefetcher.m */ = {isa = PBXFileReference; fileEncoding = 4; lastKnownFileType = sourcecode.c.objc; path = SDWebImagePrefetcher.m; sourceTree = "<group>"; };
		F436736E211D3FE200160ACF /* UIButton+WebCache.h */ = {isa = PBXFileReference; fileEncoding = 4; lastKnownFileType = sourcecode.c.h; path = "UIButton+WebCache.h"; sourceTree = "<group>"; };
		F436736F211D3FE200160ACF /* UIButton+WebCache.m */ = {isa = PBXFileReference; fileEncoding = 4; lastKnownFileType = sourcecode.c.objc; path = "UIButton+WebCache.m"; sourceTree = "<group>"; };
		F4367370211D3FE200160ACF /* UIImage+GIF.h */ = {isa = PBXFileReference; fileEncoding = 4; lastKnownFileType = sourcecode.c.h; path = "UIImage+GIF.h"; sourceTree = "<group>"; };
		F4367371211D3FE200160ACF /* UIImage+GIF.m */ = {isa = PBXFileReference; fileEncoding = 4; lastKnownFileType = sourcecode.c.objc; path = "UIImage+GIF.m"; sourceTree = "<group>"; };
		F4367372211D3FE200160ACF /* UIImage+MultiFormat.h */ = {isa = PBXFileReference; fileEncoding = 4; lastKnownFileType = sourcecode.c.h; path = "UIImage+MultiFormat.h"; sourceTree = "<group>"; };
		F4367373211D3FE200160ACF /* UIImage+MultiFormat.m */ = {isa = PBXFileReference; fileEncoding = 4; lastKnownFileType = sourcecode.c.objc; path = "UIImage+MultiFormat.m"; sourceTree = "<group>"; };
		F4367374211D3FE200160ACF /* UIImage+WebP.h */ = {isa = PBXFileReference; fileEncoding = 4; lastKnownFileType = sourcecode.c.h; path = "UIImage+WebP.h"; sourceTree = "<group>"; };
		F4367375211D3FE200160ACF /* UIImage+WebP.m */ = {isa = PBXFileReference; fileEncoding = 4; lastKnownFileType = sourcecode.c.objc; path = "UIImage+WebP.m"; sourceTree = "<group>"; };
		F4367376211D3FE200160ACF /* UIImageView+HighlightedWebCache.h */ = {isa = PBXFileReference; fileEncoding = 4; lastKnownFileType = sourcecode.c.h; path = "UIImageView+HighlightedWebCache.h"; sourceTree = "<group>"; };
		F4367377211D3FE200160ACF /* UIImageView+HighlightedWebCache.m */ = {isa = PBXFileReference; fileEncoding = 4; lastKnownFileType = sourcecode.c.objc; path = "UIImageView+HighlightedWebCache.m"; sourceTree = "<group>"; };
		F4367378211D3FE200160ACF /* UIImageView+WebCache.h */ = {isa = PBXFileReference; fileEncoding = 4; lastKnownFileType = sourcecode.c.h; path = "UIImageView+WebCache.h"; sourceTree = "<group>"; };
		F4367379211D3FE200160ACF /* UIImageView+WebCache.m */ = {isa = PBXFileReference; fileEncoding = 4; lastKnownFileType = sourcecode.c.objc; path = "UIImageView+WebCache.m"; sourceTree = "<group>"; };
		F436737A211D3FE200160ACF /* UIView+WebCacheOperation.h */ = {isa = PBXFileReference; fileEncoding = 4; lastKnownFileType = sourcecode.c.h; path = "UIView+WebCacheOperation.h"; sourceTree = "<group>"; };
		F436737B211D3FE200160ACF /* UIView+WebCacheOperation.m */ = {isa = PBXFileReference; fileEncoding = 4; lastKnownFileType = sourcecode.c.objc; path = "UIView+WebCacheOperation.m"; sourceTree = "<group>"; };
		F436737D211D3FE200160ACF /* Model.h */ = {isa = PBXFileReference; fileEncoding = 4; lastKnownFileType = sourcecode.c.h; path = Model.h; sourceTree = "<group>"; };
		F436737E211D3FE200160ACF /* Model.m */ = {isa = PBXFileReference; fileEncoding = 4; lastKnownFileType = sourcecode.c.objc; path = Model.m; sourceTree = "<group>"; };
		F4367380211D3FE200160ACF /* OJLCollectionViewCell.h */ = {isa = PBXFileReference; fileEncoding = 4; lastKnownFileType = sourcecode.c.h; path = OJLCollectionViewCell.h; sourceTree = "<group>"; };
		F4367381211D3FE200160ACF /* OJLCollectionViewCell.m */ = {isa = PBXFileReference; fileEncoding = 4; lastKnownFileType = sourcecode.c.objc; path = OJLCollectionViewCell.m; sourceTree = "<group>"; };
		F4367382211D3FE200160ACF /* OJLCollectionViewCell.xib */ = {isa = PBXFileReference; fileEncoding = 4; lastKnownFileType = file.xib; path = OJLCollectionViewCell.xib; sourceTree = "<group>"; };
		F43673A9211D410200160ACF /* OJLWaterLayout.h */ = {isa = PBXFileReference; fileEncoding = 4; lastKnownFileType = sourcecode.c.h; path = OJLWaterLayout.h; sourceTree = "<group>"; };
		F43673AA211D410200160ACF /* OJLWaterLayout.m */ = {isa = PBXFileReference; fileEncoding = 4; lastKnownFileType = sourcecode.c.objc; path = OJLWaterLayout.m; sourceTree = "<group>"; };
/* End PBXFileReference section */

/* Begin PBXFrameworksBuildPhase section */
		3AB38A7C1D52E5B8003A7871 /* Frameworks */ = {
			isa = PBXFrameworksBuildPhase;
			buildActionMask = 2147483647;
			files = (
			);
			runOnlyForDeploymentPostprocessing = 0;
		};
/* End PBXFrameworksBuildPhase section */

/* Begin PBXGroup section */
		3A20A7901D52A96B005FB972 /* CircleSpreadController */ = {
			isa = PBXGroup;
			children = (
				3A20A7911D52A97B005FB972 /* MGCircleSpreadVC.h */,
				3A20A7921D52A97B005FB972 /* MGCircleSpreadVC.m */,
				3A20A7A01D532CE7005FB972 /* MGCircleSpreadPresentedVC.h */,
				3A20A7A11D532CE8005FB972 /* MGCircleSpreadPresentedVC.m */,
				3A20A79D1D532CC3005FB972 /* MGCircleSpreadTransition.h */,
				3A20A79E1D532CC3005FB972 /* MGCircleSpreadTransition.m */,
			);
			path = CircleSpreadController;
			sourceTree = "<group>";
		};
		3A20A7A31D53346D005FB972 /* PUSH */ = {
			isa = PBXGroup;
			children = (
				3A20A7A41D53346E005FB972 /* C */,
				3A20A7A71D53346E005FB972 /* V */,
			);
			path = PUSH;
			sourceTree = "<group>";
		};
		3A20A7A41D53346E005FB972 /* C */ = {
			isa = PBXGroup;
			children = (
				3A20A7A51D53346E005FB972 /* MGMagicMoveVC.h */,
				3A20A7A61D53346E005FB972 /* MGMagicMoveVC.m */,
			);
			path = C;
			sourceTree = "<group>";
		};
		3A20A7A71D53346E005FB972 /* V */ = {
			isa = PBXGroup;
			children = (
				3A20A7A81D53346E005FB972 /* MGMagicMoveCell.h */,
				3A20A7A91D53346E005FB972 /* MGMagicMoveCell.m */,
				3A20A7AA1D53346E005FB972 /* MGMagicMoveCell.xib */,
			);
			path = V;
			sourceTree = "<group>";
		};
		3A20A7AB1D53346E005FB972 /* PUSHTO */ = {
			isa = PBXGroup;
			children = (
				3A20A7AC1D53346E005FB972 /* C */,
				3A20A7AF1D53346E005FB972 /* V */,
			);
			path = PUSHTO;
			sourceTree = "<group>";
		};
		3A20A7AC1D53346E005FB972 /* C */ = {
			isa = PBXGroup;
			children = (
				3A20A7AD1D53346E005FB972 /* MGMagicMovePushVC.h */,
				3A20A7AE1D53346E005FB972 /* MGMagicMovePushVC.m */,
			);
			path = C;
			sourceTree = "<group>";
		};
		3A20A7AF1D53346E005FB972 /* V */ = {
			isa = PBXGroup;
			children = (
				3A20A7B41D5334A5005FB972 /* MGMagicMovePushCell.h */,
				3A20A7B51D5334A5005FB972 /* MGMagicMovePushCell.m */,
			);
			path = V;
			sourceTree = "<group>";
		};
		3A6CA4531D5369330060145E /* Main */ = {
			isa = PBXGroup;
			children = (
				3A80DA521D5417F10090C4F2 /* V */,
				3A6CA4541D5369330060145E /* AppDelegate.h */,
				3A6CA4551D5369330060145E /* AppDelegate.m */,
				3A6CA4561D5369330060145E /* MGInteractiveTransition.h */,
				3A6CA4571D5369330060145E /* MGInteractiveTransition.m */,
				3A6CA4581D5369330060145E /* MGRootTableVC.h */,
				3A6CA4591D5369330060145E /* MGRootTableVC.m */,
			);
			path = Main;
			sourceTree = "<group>";
		};
		3A6CA45D1D5369640060145E /* Other */ = {
			isa = PBXGroup;
			children = (
				3A6CA45E1D5369640060145E /* Category */,
				3A6CA4631D5369640060145E /* Masonry */,
			);
			path = Other;
			sourceTree = "<group>";
		};
		3A6CA45E1D5369640060145E /* Category */ = {
			isa = PBXGroup;
			children = (
				3A6CA45F1D5369640060145E /* UIView+anchorPoint.h */,
				3A6CA4601D5369640060145E /* UIView+anchorPoint.m */,
				3A6CA4611D5369640060145E /* UIView+Extension.h */,
				3A6CA4621D5369640060145E /* UIView+Extension.m */,
			);
			path = Category;
			sourceTree = "<group>";
		};
		3A6CA4631D5369640060145E /* Masonry */ = {
			isa = PBXGroup;
			children = (
				3A6CA4641D5369640060145E /* MASCompositeConstraint.h */,
				3A6CA4651D5369640060145E /* MASCompositeConstraint.m */,
				3A6CA4661D5369640060145E /* MASConstraint+Private.h */,
				3A6CA4671D5369640060145E /* MASConstraint.h */,
				3A6CA4681D5369640060145E /* MASConstraint.m */,
				3A6CA4691D5369640060145E /* MASConstraintMaker.h */,
				3A6CA46A1D5369640060145E /* MASConstraintMaker.m */,
				3A6CA46B1D5369640060145E /* MASLayoutConstraint.h */,
				3A6CA46C1D5369640060145E /* MASLayoutConstraint.m */,
				3A6CA46D1D5369640060145E /* Masonry.h */,
				3A6CA46E1D5369640060145E /* MASUtilities.h */,
				3A6CA46F1D5369640060145E /* MASViewAttribute.h */,
				3A6CA4701D5369640060145E /* MASViewAttribute.m */,
				3A6CA4711D5369640060145E /* MASViewConstraint.h */,
				3A6CA4721D5369640060145E /* MASViewConstraint.m */,
				3A6CA4731D5369640060145E /* NSArray+MASAdditions.h */,
				3A6CA4741D5369640060145E /* NSArray+MASAdditions.m */,
				3A6CA4751D5369640060145E /* NSArray+MASShorthandAdditions.h */,
				3A6CA4761D5369640060145E /* NSLayoutConstraint+MASDebugAdditions.h */,
				3A6CA4771D5369640060145E /* NSLayoutConstraint+MASDebugAdditions.m */,
				3A6CA4781D5369640060145E /* View+MASAdditions.h */,
				3A6CA4791D5369640060145E /* View+MASAdditions.m */,
				3A6CA47A1D5369640060145E /* View+MASShorthandAdditions.h */,
				3A6CA47B1D5369640060145E /* ViewController+MASAdditions.h */,
				3A6CA47C1D5369640060145E /* ViewController+MASAdditions.m */,
			);
			path = Masonry;
			sourceTree = "<group>";
		};
		3A80DA521D5417F10090C4F2 /* V */ = {
			isa = PBXGroup;
			children = (
				3A80DA531D5417F10090C4F2 /* GradientView.h */,
				3A80DA541D5417F10090C4F2 /* GradientView.m */,
			);
			path = V;
			sourceTree = "<group>";
		};
		3A80DA561D5489060090C4F2 /* MGAnimation */ = {
			isa = PBXGroup;
			children = (
				3A80DA7A1D5489B70090C4F2 /* C */,
				3A80DA5F1D54895D0090C4F2 /* V */,
			);
			path = MGAnimation;
			sourceTree = "<group>";
		};
		3A80DA5F1D54895D0090C4F2 /* V */ = {
			isa = PBXGroup;
			children = (
				3A80DA641D54895D0090C4F2 /* HUAnimator */,
				3A80DA6D1D54895D0090C4F2 /* ZBCustomTransitions */,
			);
			path = V;
			sourceTree = "<group>";
		};
		3A80DA641D54895D0090C4F2 /* HUAnimator */ = {
			isa = PBXGroup;
			children = (
				3A80DA651D54895D0090C4F2 /* HUTransitionAnimator.h */,
				3A80DA661D54895D0090C4F2 /* HUTransitionAnimator.m */,
				3A80DA671D54895D0090C4F2 /* HUTransitionGhostAnimator.h */,
				3A80DA681D54895D0090C4F2 /* HUTransitionGhostAnimator.m */,
				3A80DA691D54895D0090C4F2 /* HUTransitionHorizontalLinesAnimator.h */,
				3A80DA6A1D54895D0090C4F2 /* HUTransitionHorizontalLinesAnimator.m */,
				3A80DA6B1D54895D0090C4F2 /* HUTransitionVerticalLinesAnimator.h */,
				3A80DA6C1D54895D0090C4F2 /* HUTransitionVerticalLinesAnimator.m */,
			);
			path = HUAnimator;
			sourceTree = "<group>";
		};
		3A80DA6D1D54895D0090C4F2 /* ZBCustomTransitions */ = {
			isa = PBXGroup;
			children = (
				3A80DA6E1D54895D0090C4F2 /* UIViewController+Animator.h */,
				3A80DA6F1D54895D0090C4F2 /* UIViewController+Animator.m */,
				3A80DA701D54895D0090C4F2 /* ZBFallenBricksAnimator.h */,
				3A80DA711D54895D0090C4F2 /* ZBFallenBricksAnimator.m */,
			);
			path = ZBCustomTransitions;
			sourceTree = "<group>";
		};
		3A80DA7A1D5489B70090C4F2 /* C */ = {
			isa = PBXGroup;
			children = (
				3A80DA7B1D5489B70090C4F2 /* CustomTransitionViewController.h */,
				3A80DA7C1D5489B70090C4F2 /* CustomTransitionViewController.m */,
				3A80DA7D1D5489B70090C4F2 /* CustomTransitionViewController.xib */,
				3A80DA7E1D5489B70090C4F2 /* MGAnimationVC.h */,
				3A80DA7F1D5489B70090C4F2 /* MGAnimationVC.m */,
			);
			path = C;
			sourceTree = "<group>";
		};
		3AB38A761D52E5B8003A7871 = {
			isa = PBXGroup;
			children = (
				3AB38A811D52E5B8003A7871 /* MGTrasitionPractice */,
				3AB38A801D52E5B8003A7871 /* Products */,
			);
			sourceTree = "<group>";
		};
		3AB38A801D52E5B8003A7871 /* Products */ = {
			isa = PBXGroup;
			children = (
				3AB38A7F1D52E5B8003A7871 /* MGTrasitionPractice.app */,
			);
			name = Products;
			sourceTree = "<group>";
		};
		3AB38A811D52E5B8003A7871 /* MGTrasitionPractice */ = {
			isa = PBXGroup;
			children = (
				3A6CA4531D5369330060145E /* Main */,
				3AB38A9F1D52E799003A7871 /* MagicMoveController */,
				3AB38AA11D52E799003A7871 /* PresentOneController */,
				3AB38AA01D52E799003A7871 /* PageCoverController */,
				3A20A7901D52A96B005FB972 /* CircleSpreadController */,
				3A80DA561D5489060090C4F2 /* MGAnimation */,
				F4367330211D3FE100160ACF /* MGMove */,
				3A6CA45D1D5369640060145E /* Other */,
				3AB38A8B1D52E5B9003A7871 /* Main.storyboard */,
				3AB38A911D52E5B9003A7871 /* Assets.xcassets */,
				3AB38A931D52E5B9003A7871 /* LaunchScreen.storyboard */,
				3AB38A961D52E5B9003A7871 /* Info.plist */,
				3AB38A8E1D52E5B9003A7871 /* MGTrasitionPractice.xcdatamodeld */,
				3AB38A821D52E5B8003A7871 /* Supporting Files */,
			);
			path = MGTrasitionPractice;
			sourceTree = "<group>";
		};
		3AB38A821D52E5B8003A7871 /* Supporting Files */ = {
			isa = PBXGroup;
			children = (
				3AB38A831D52E5B8003A7871 /* main.m */,
				3AB38AB21D52F0BA003A7871 /* PrefixHeader.pch */,
			);
			name = "Supporting Files";
			sourceTree = "<group>";
		};
		3AB38A9F1D52E799003A7871 /* MagicMoveController */ = {
			isa = PBXGroup;
			children = (
				3AB38ADB1D52F1E5003A7871 /* MGNaviTransition.h */,
				3AB38ADC1D52F1E5003A7871 /* MGNaviTransition.m */,
				3A20A7A31D53346D005FB972 /* PUSH */,
				3A20A7AB1D53346E005FB972 /* PUSHTO */,
			);
			path = MagicMoveController;
			sourceTree = "<group>";
		};
		3AB38AA01D52E799003A7871 /* PageCoverController */ = {
			isa = PBXGroup;
			children = (
				3A20A78D1D52A93A005FB972 /* MGPageCoverVC.h */,
				3A20A78E1D52A93A005FB972 /* MGPageCoverVC.m */,
				3A20A7941D52B5B5005FB972 /* MGPageCoverPushVC.h */,
				3A20A7951D52B5B5005FB972 /* MGPageCoverPushVC.m */,
				3A20A7971D5329A8005FB972 /* MGPageCoverTransition.h */,
				3A20A7981D5329A8005FB972 /* MGPageCoverTransition.m */,
			);
			path = PageCoverController;
			sourceTree = "<group>";
		};
		3AB38AA11D52E799003A7871 /* PresentOneController */ = {
			isa = PBXGroup;
			children = (
				3A20A7841D52A87F005FB972 /* MGPresentOneVC.h */,
				3A20A7851D52A87F005FB972 /* MGPresentOneVC.m */,
				3A20A7871D52A8B5005FB972 /* MGPresentedOneController.h */,
				3A20A7881D52A8B5005FB972 /* MGPresentedOneController.m */,
				3A20A78A1D52A8DC005FB972 /* MGPresentOneTransition.h */,
				3A20A78B1D52A8DC005FB972 /* MGPresentOneTransition.m */,
			);
			path = PresentOneController;
			sourceTree = "<group>";
		};
		F4367330211D3FE100160ACF /* MGMove */ = {
			isa = PBXGroup;
			children = (
				F4367331211D3FE100160ACF /* 1.plist */,
				F4367332211D3FE100160ACF /* Controller */,
				F4367337211D3FE100160ACF /* images */,
				F436733B211D3FE100160ACF /* Lib */,
				F436737C211D3FE200160ACF /* Model */,
				F436737F211D3FE200160ACF /* Views */,
				F43673A8211D410200160ACF /* OJLWatLayout */,
			);
			path = MGMove;
			sourceTree = "<group>";
		};
		F4367332211D3FE100160ACF /* Controller */ = {
			isa = PBXGroup;
			children = (
				F4367333211D3FE100160ACF /* DetailViewController.h */,
				F4367334211D3FE100160ACF /* DetailViewController.m */,
				F4367335211D3FE100160ACF /* ViewController.h */,
				F4367336211D3FE100160ACF /* ViewController.m */,
			);
			path = Controller;
			sourceTree = "<group>";
		};
		F4367337211D3FE100160ACF /* images */ = {
			isa = PBXGroup;
			children = (
				F4367338211D3FE100160ACF /* AlbumLikeGolden.png */,
				F4367339211D3FE100160ACF /* braceletLiked.png */,
				F436733A211D3FE100160ACF /* chatListCellHead@2x.png */,
			);
			path = images;
			sourceTree = "<group>";
		};
		F436733B211D3FE100160ACF /* Lib */ = {
			isa = PBXGroup;
			children = (
				F4367355211D3FE100160ACF /* OUAnimationNavigation */,
				F436735A211D3FE100160ACF /* SDWebImage */,
			);
			path = Lib;
			sourceTree = "<group>";
		};
		F4367355211D3FE100160ACF /* OUAnimationNavigation */ = {
			isa = PBXGroup;
			children = (
				F4367356211D3FE100160ACF /* OUNavAnimation.h */,
				F4367357211D3FE100160ACF /* OUNavAnimation.m */,
				F4367358211D3FE100160ACF /* OUNavigationController.h */,
				F4367359211D3FE100160ACF /* OUNavigationController.m */,
			);
			path = OUAnimationNavigation;
			sourceTree = "<group>";
		};
		F436735A211D3FE100160ACF /* SDWebImage */ = {
			isa = PBXGroup;
			children = (
				F436735B211D3FE100160ACF /* MKAnnotationView+WebCache.h */,
				F436735C211D3FE100160ACF /* MKAnnotationView+WebCache.m */,
				F436735D211D3FE100160ACF /* NSData+ImageContentType.h */,
				F436735E211D3FE100160ACF /* NSData+ImageContentType.m */,
				F436735F211D3FE100160ACF /* SDImageCache.h */,
				F4367360211D3FE100160ACF /* SDImageCache.m */,
				F4367361211D3FE200160ACF /* SDWebImageCompat.h */,
				F4367362211D3FE200160ACF /* SDWebImageCompat.m */,
				F4367363211D3FE200160ACF /* SDWebImageDecoder.h */,
				F4367364211D3FE200160ACF /* SDWebImageDecoder.m */,
				F4367365211D3FE200160ACF /* SDWebImageDownloader.h */,
				F4367366211D3FE200160ACF /* SDWebImageDownloader.m */,
				F4367367211D3FE200160ACF /* SDWebImageDownloaderOperation.h */,
				F4367368211D3FE200160ACF /* SDWebImageDownloaderOperation.m */,
				F4367369211D3FE200160ACF /* SDWebImageManager.h */,
				F436736A211D3FE200160ACF /* SDWebImageManager.m */,
				F436736B211D3FE200160ACF /* SDWebImageOperation.h */,
				F436736C211D3FE200160ACF /* SDWebImagePrefetcher.h */,
				F436736D211D3FE200160ACF /* SDWebImagePrefetcher.m */,
				F436736E211D3FE200160ACF /* UIButton+WebCache.h */,
				F436736F211D3FE200160ACF /* UIButton+WebCache.m */,
				F4367370211D3FE200160ACF /* UIImage+GIF.h */,
				F4367371211D3FE200160ACF /* UIImage+GIF.m */,
				F4367372211D3FE200160ACF /* UIImage+MultiFormat.h */,
				F4367373211D3FE200160ACF /* UIImage+MultiFormat.m */,
				F4367374211D3FE200160ACF /* UIImage+WebP.h */,
				F4367375211D3FE200160ACF /* UIImage+WebP.m */,
				F4367376211D3FE200160ACF /* UIImageView+HighlightedWebCache.h */,
				F4367377211D3FE200160ACF /* UIImageView+HighlightedWebCache.m */,
				F4367378211D3FE200160ACF /* UIImageView+WebCache.h */,
				F4367379211D3FE200160ACF /* UIImageView+WebCache.m */,
				F436737A211D3FE200160ACF /* UIView+WebCacheOperation.h */,
				F436737B211D3FE200160ACF /* UIView+WebCacheOperation.m */,
			);
			path = SDWebImage;
			sourceTree = "<group>";
		};
		F436737C211D3FE200160ACF /* Model */ = {
			isa = PBXGroup;
			children = (
				F436737D211D3FE200160ACF /* Model.h */,
				F436737E211D3FE200160ACF /* Model.m */,
			);
			path = Model;
			sourceTree = "<group>";
		};
		F436737F211D3FE200160ACF /* Views */ = {
			isa = PBXGroup;
			children = (
				F4367380211D3FE200160ACF /* OJLCollectionViewCell.h */,
				F4367381211D3FE200160ACF /* OJLCollectionViewCell.m */,
				F4367382211D3FE200160ACF /* OJLCollectionViewCell.xib */,
			);
			path = Views;
			sourceTree = "<group>";
		};
		F43673A8211D410200160ACF /* OJLWatLayout */ = {
			isa = PBXGroup;
			children = (
				F43673A9211D410200160ACF /* OJLWaterLayout.h */,
				F43673AA211D410200160ACF /* OJLWaterLayout.m */,
			);
			path = OJLWatLayout;
			sourceTree = "<group>";
		};
/* End PBXGroup section */

/* Begin PBXNativeTarget section */
		3AB38A7E1D52E5B8003A7871 /* MGTrasitionPractice */ = {
			isa = PBXNativeTarget;
			buildConfigurationList = 3AB38A991D52E5B9003A7871 /* Build configuration list for PBXNativeTarget "MGTrasitionPractice" */;
			buildPhases = (
				3AB38A7B1D52E5B8003A7871 /* Sources */,
				3AB38A7C1D52E5B8003A7871 /* Frameworks */,
				3AB38A7D1D52E5B8003A7871 /* Resources */,
			);
			buildRules = (
			);
			dependencies = (
			);
			name = MGTrasitionPractice;
			productName = MGTrasitionPractice;
			productReference = 3AB38A7F1D52E5B8003A7871 /* MGTrasitionPractice.app */;
			productType = "com.apple.product-type.application";
		};
/* End PBXNativeTarget section */

/* Begin PBXProject section */
		3AB38A771D52E5B8003A7871 /* Project object */ = {
			isa = PBXProject;
			attributes = {
				CLASSPREFIX = MG;
				LastUpgradeCheck = 0700;
				ORGANIZATIONNAME = ming;
				TargetAttributes = {
					3AB38A7E1D52E5B8003A7871 = {
						CreatedOnToolsVersion = 7.0;
					};
				};
			};
			buildConfigurationList = 3AB38A7A1D52E5B8003A7871 /* Build configuration list for PBXProject "MGTrasitionPractice" */;
			compatibilityVersion = "Xcode 3.2";
			developmentRegion = English;
			hasScannedForEncodings = 0;
			knownRegions = (
				en,
				Base,
			);
			mainGroup = 3AB38A761D52E5B8003A7871;
			productRefGroup = 3AB38A801D52E5B8003A7871 /* Products */;
			projectDirPath = "";
			projectRoot = "";
			targets = (
				3AB38A7E1D52E5B8003A7871 /* MGTrasitionPractice */,
			);
		};
/* End PBXProject section */

/* Begin PBXResourcesBuildPhase section */
		3AB38A7D1D52E5B8003A7871 /* Resources */ = {
			isa = PBXResourcesBuildPhase;
			buildActionMask = 2147483647;
			files = (
				F43673A7211D3FE200160ACF /* OJLCollectionViewCell.xib in Resources */,
				F4367388211D3FE200160ACF /* chatListCellHead@2x.png in Resources */,
				F4367383211D3FE200160ACF /* 1.plist in Resources */,
				3A80DA811D5489B70090C4F2 /* CustomTransitionViewController.xib in Resources */,
				3A20A7B21D53346E005FB972 /* MGMagicMoveCell.xib in Resources */,
				3AB38A951D52E5B9003A7871 /* LaunchScreen.storyboard in Resources */,
				3AB38A921D52E5B9003A7871 /* Assets.xcassets in Resources */,
				F4367386211D3FE200160ACF /* AlbumLikeGolden.png in Resources */,
				3AB38A8D1D52E5B9003A7871 /* Main.storyboard in Resources */,
				F4367387211D3FE200160ACF /* braceletLiked.png in Resources */,
			);
			runOnlyForDeploymentPostprocessing = 0;
		};
/* End PBXResourcesBuildPhase section */

/* Begin PBXSourcesBuildPhase section */
		3AB38A7B1D52E5B8003A7871 /* Sources */ = {
			isa = PBXSourcesBuildPhase;
			buildActionMask = 2147483647;
			files = (
				F4367385211D3FE200160ACF /* ViewController.m in Sources */,
				3A6CA4851D5369640060145E /* NSArray+MASAdditions.m in Sources */,
				3A20A7A21D532CE8005FB972 /* MGCircleSpreadPresentedVC.m in Sources */,
				3A20A7891D52A8B5005FB972 /* MGPresentedOneController.m in Sources */,
				F436739B211D3FE200160ACF /* SDWebImageDownloaderOperation.m in Sources */,
				F43673A4211D3FE200160ACF /* UIView+WebCacheOperation.m in Sources */,
				F436739E211D3FE200160ACF /* UIButton+WebCache.m in Sources */,
				3A6CA4861D5369640060145E /* NSLayoutConstraint+MASDebugAdditions.m in Sources */,
				3A80DA751D54895D0090C4F2 /* HUTransitionGhostAnimator.m in Sources */,
				3A6CA45C1D5369330060145E /* MGRootTableVC.m in Sources */,
				3A6CA47E1D5369640060145E /* UIView+Extension.m in Sources */,
				F4367398211D3FE200160ACF /* SDWebImageCompat.m in Sources */,
				F436739A211D3FE200160ACF /* SDWebImageDownloader.m in Sources */,
				F4367396211D3FE200160ACF /* NSData+ImageContentType.m in Sources */,
				3A80DA781D54895D0090C4F2 /* UIViewController+Animator.m in Sources */,
				3AB38A901D52E5B9003A7871 /* MGTrasitionPractice.xcdatamodeld in Sources */,
				3A6CA4811D5369640060145E /* MASConstraintMaker.m in Sources */,
				F43673A2211D3FE200160ACF /* UIImageView+HighlightedWebCache.m in Sources */,
				3A80DA741D54895D0090C4F2 /* HUTransitionAnimator.m in Sources */,
				F4367395211D3FE200160ACF /* MKAnnotationView+WebCache.m in Sources */,
				3A6CA4871D5369640060145E /* View+MASAdditions.m in Sources */,
				F4367399211D3FE200160ACF /* SDWebImageDecoder.m in Sources */,
				F436739C211D3FE200160ACF /* SDWebImageManager.m in Sources */,
				3A20A7B01D53346E005FB972 /* MGMagicMoveVC.m in Sources */,
				3A6CA4801D5369640060145E /* MASConstraint.m in Sources */,
				3A20A78F1D52A93A005FB972 /* MGPageCoverVC.m in Sources */,
				F43673AB211D410200160ACF /* OJLWaterLayout.m in Sources */,
				3A6CA4841D5369640060145E /* MASViewConstraint.m in Sources */,
				3A20A7931D52A97B005FB972 /* MGCircleSpreadVC.m in Sources */,
				3A20A7861D52A87F005FB972 /* MGPresentOneVC.m in Sources */,
				3A20A78C1D52A8DC005FB972 /* MGPresentOneTransition.m in Sources */,
				F4367384211D3FE200160ACF /* DetailViewController.m in Sources */,
				3A80DA771D54895D0090C4F2 /* HUTransitionVerticalLinesAnimator.m in Sources */,
				F43673A5211D3FE200160ACF /* Model.m in Sources */,
				F43673A3211D3FE200160ACF /* UIImageView+WebCache.m in Sources */,
				F4367394211D3FE200160ACF /* OUNavigationController.m in Sources */,
				3A20A7B31D53346E005FB972 /* MGMagicMovePushVC.m in Sources */,
				3A80DA761D54895D0090C4F2 /* HUTransitionHorizontalLinesAnimator.m in Sources */,
				3A20A79F1D532CC3005FB972 /* MGCircleSpreadTransition.m in Sources */,
				3A80DA551D5417F10090C4F2 /* GradientView.m in Sources */,
				F436739F211D3FE200160ACF /* UIImage+GIF.m in Sources */,
				F43673A1211D3FE200160ACF /* UIImage+WebP.m in Sources */,
				3A6CA45A1D5369330060145E /* AppDelegate.m in Sources */,
				3A6CA47D1D5369640060145E /* UIView+anchorPoint.m in Sources */,
				F43673A6211D3FE200160ACF /* OJLCollectionViewCell.m in Sources */,
				3A6CA4881D5369640060145E /* ViewController+MASAdditions.m in Sources */,
				3A20A7961D52B5B5005FB972 /* MGPageCoverPushVC.m in Sources */,
				3A80DA801D5489B70090C4F2 /* CustomTransitionViewController.m in Sources */,
				3A80DA791D54895D0090C4F2 /* ZBFallenBricksAnimator.m in Sources */,
				3A6CA4821D5369640060145E /* MASLayoutConstraint.m in Sources */,
				F4367393211D3FE200160ACF /* OUNavAnimation.m in Sources */,
				3A80DA821D5489B70090C4F2 /* MGAnimationVC.m in Sources */,
				F43673A0211D3FE200160ACF /* UIImage+MultiFormat.m in Sources */,
				3AB38A841D52E5B8003A7871 /* main.m in Sources */,
				3A6CA47F1D5369640060145E /* MASCompositeConstraint.m in Sources */,
				3AB38ADD1D52F1E5003A7871 /* MGNaviTransition.m in Sources */,
				3A20A7B61D5334A5005FB972 /* MGMagicMovePushCell.m in Sources */,
				F436739D211D3FE200160ACF /* SDWebImagePrefetcher.m in Sources */,
				3A6CA45B1D5369330060145E /* MGInteractiveTransition.m in Sources */,
				3A20A7B11D53346E005FB972 /* MGMagicMoveCell.m in Sources */,
				3A20A7991D5329A8005FB972 /* MGPageCoverTransition.m in Sources */,
				3A6CA4831D5369640060145E /* MASViewAttribute.m in Sources */,
				F4367397211D3FE200160ACF /* SDImageCache.m in Sources */,
			);
			runOnlyForDeploymentPostprocessing = 0;
		};
/* End PBXSourcesBuildPhase section */

/* Begin PBXVariantGroup section */
		3AB38A8B1D52E5B9003A7871 /* Main.storyboard */ = {
			isa = PBXVariantGroup;
			children = (
				3AB38A8C1D52E5B9003A7871 /* Base */,
			);
			name = Main.storyboard;
			sourceTree = "<group>";
		};
		3AB38A931D52E5B9003A7871 /* LaunchScreen.storyboard */ = {
			isa = PBXVariantGroup;
			children = (
				3AB38A941D52E5B9003A7871 /* Base */,
			);
			name = LaunchScreen.storyboard;
			sourceTree = "<group>";
		};
/* End PBXVariantGroup section */

/* Begin XCBuildConfiguration section */
		3AB38A971D52E5B9003A7871 /* Debug */ = {
			isa = XCBuildConfiguration;
			buildSettings = {
				ALWAYS_SEARCH_USER_PATHS = NO;
				CLANG_CXX_LANGUAGE_STANDARD = "gnu++0x";
				CLANG_CXX_LIBRARY = "libc++";
				CLANG_ENABLE_MODULES = YES;
				CLANG_ENABLE_OBJC_ARC = YES;
				CLANG_WARN_BOOL_CONVERSION = YES;
				CLANG_WARN_CONSTANT_CONVERSION = YES;
				CLANG_WARN_DIRECT_OBJC_ISA_USAGE = YES_ERROR;
				CLANG_WARN_EMPTY_BODY = YES;
				CLANG_WARN_ENUM_CONVERSION = YES;
				CLANG_WARN_INT_CONVERSION = YES;
				CLANG_WARN_OBJC_ROOT_CLASS = YES_ERROR;
				CLANG_WARN_UNREACHABLE_CODE = YES;
				CLANG_WARN__DUPLICATE_METHOD_MATCH = YES;
				"CODE_SIGN_IDENTITY[sdk=iphoneos*]" = "iPhone Developer";
				COPY_PHASE_STRIP = NO;
				DEBUG_INFORMATION_FORMAT = dwarf;
				ENABLE_STRICT_OBJC_MSGSEND = YES;
				ENABLE_TESTABILITY = YES;
				GCC_C_LANGUAGE_STANDARD = gnu99;
				GCC_DYNAMIC_NO_PIC = NO;
				GCC_NO_COMMON_BLOCKS = YES;
				GCC_OPTIMIZATION_LEVEL = 0;
				GCC_PREFIX_HEADER = "$(SRCROOT)/MGTrasitionPractice/PrefixHeader.pch";
				GCC_PREPROCESSOR_DEFINITIONS = (
					"DEBUG=1",
					"$(inherited)",
				);
				GCC_WARN_64_TO_32_BIT_CONVERSION = YES;
				GCC_WARN_ABOUT_RETURN_TYPE = YES_ERROR;
				GCC_WARN_UNDECLARED_SELECTOR = YES;
				GCC_WARN_UNINITIALIZED_AUTOS = YES_AGGRESSIVE;
				GCC_WARN_UNUSED_FUNCTION = YES;
				GCC_WARN_UNUSED_VARIABLE = YES;
				IPHONEOS_DEPLOYMENT_TARGET = 9.0;
				MTL_ENABLE_DEBUG_INFO = YES;
				ONLY_ACTIVE_ARCH = YES;
				SDKROOT = iphoneos;
			};
			name = Debug;
		};
		3AB38A981D52E5B9003A7871 /* Release */ = {
			isa = XCBuildConfiguration;
			buildSettings = {
				ALWAYS_SEARCH_USER_PATHS = NO;
				CLANG_CXX_LANGUAGE_STANDARD = "gnu++0x";
				CLANG_CXX_LIBRARY = "libc++";
				CLANG_ENABLE_MODULES = YES;
				CLANG_ENABLE_OBJC_ARC = YES;
				CLANG_WARN_BOOL_CONVERSION = YES;
				CLANG_WARN_CONSTANT_CONVERSION = YES;
				CLANG_WARN_DIRECT_OBJC_ISA_USAGE = YES_ERROR;
				CLANG_WARN_EMPTY_BODY = YES;
				CLANG_WARN_ENUM_CONVERSION = YES;
				CLANG_WARN_INT_CONVERSION = YES;
				CLANG_WARN_OBJC_ROOT_CLASS = YES_ERROR;
				CLANG_WARN_UNREACHABLE_CODE = YES;
				CLANG_WARN__DUPLICATE_METHOD_MATCH = YES;
				"CODE_SIGN_IDENTITY[sdk=iphoneos*]" = "iPhone Developer";
				COPY_PHASE_STRIP = NO;
				DEBUG_INFORMATION_FORMAT = "dwarf-with-dsym";
				ENABLE_NS_ASSERTIONS = NO;
				ENABLE_STRICT_OBJC_MSGSEND = YES;
				GCC_C_LANGUAGE_STANDARD = gnu99;
				GCC_NO_COMMON_BLOCKS = YES;
				GCC_PREFIX_HEADER = "$(SRCROOT)/MGTrasitionPractice/PrefixHeader.pch";
				GCC_WARN_64_TO_32_BIT_CONVERSION = YES;
				GCC_WARN_ABOUT_RETURN_TYPE = YES_ERROR;
				GCC_WARN_UNDECLARED_SELECTOR = YES;
				GCC_WARN_UNINITIALIZED_AUTOS = YES_AGGRESSIVE;
				GCC_WARN_UNUSED_FUNCTION = YES;
				GCC_WARN_UNUSED_VARIABLE = YES;
				IPHONEOS_DEPLOYMENT_TARGET = 9.0;
				MTL_ENABLE_DEBUG_INFO = NO;
				SDKROOT = iphoneos;
				VALIDATE_PRODUCT = YES;
			};
			name = Release;
		};
		3AB38A9A1D52E5B9003A7871 /* Debug */ = {
			isa = XCBuildConfiguration;
			buildSettings = {
				ASSETCATALOG_COMPILER_APPICON_NAME = AppIcon;
				INFOPLIST_FILE = MGTrasitionPractice/Info.plist;
				IPHONEOS_DEPLOYMENT_TARGET = 8.3;
				LD_RUNPATH_SEARCH_PATHS = "$(inherited) @executable_path/Frameworks";
				PRODUCT_BUNDLE_IDENTIFIER = com.ming.MGTrasitionPractice;
				PRODUCT_NAME = "$(TARGET_NAME)";
			};
			name = Debug;
		};
		3AB38A9B1D52E5B9003A7871 /* Release */ = {
			isa = XCBuildConfiguration;
			buildSettings = {
				ASSETCATALOG_COMPILER_APPICON_NAME = AppIcon;
				INFOPLIST_FILE = MGTrasitionPractice/Info.plist;
				IPHONEOS_DEPLOYMENT_TARGET = 8.3;
				LD_RUNPATH_SEARCH_PATHS = "$(inherited) @executable_path/Frameworks";
				PRODUCT_BUNDLE_IDENTIFIER = com.ming.MGTrasitionPractice;
				PRODUCT_NAME = "$(TARGET_NAME)";
			};
			name = Release;
		};
/* End XCBuildConfiguration section */

/* Begin XCConfigurationList section */
		3AB38A7A1D52E5B8003A7871 /* Build configuration list for PBXProject "MGTrasitionPractice" */ = {
			isa = XCConfigurationList;
			buildConfigurations = (
				3AB38A971D52E5B9003A7871 /* Debug */,
				3AB38A981D52E5B9003A7871 /* Release */,
			);
			defaultConfigurationIsVisible = 0;
			defaultConfigurationName = Release;
		};
		3AB38A991D52E5B9003A7871 /* Build configuration list for PBXNativeTarget "MGTrasitionPractice" */ = {
			isa = XCConfigurationList;
			buildConfigurations = (
				3AB38A9A1D52E5B9003A7871 /* Debug */,
				3AB38A9B1D52E5B9003A7871 /* Release */,
			);
			defaultConfigurationIsVisible = 0;
			defaultConfigurationName = Release;
		};
/* End XCConfigurationList section */

/* Begin XCVersionGroup section */
		3AB38A8E1D52E5B9003A7871 /* MGTrasitionPractice.xcdatamodeld */ = {
			isa = XCVersionGroup;
			children = (
				3AB38A8F1D52E5B9003A7871 /* MGTrasitionPractice.xcdatamodel */,
			);
			currentVersion = 3AB38A8F1D52E5B9003A7871 /* MGTrasitionPractice.xcdatamodel */;
			path = MGTrasitionPractice.xcdatamodeld;
			sourceTree = "<group>";
			versionGroupType = wrapper.xcdatamodel;
		};
/* End XCVersionGroup section */
	};
	rootObject = 3AB38A771D52E5B8003A7871 /* Project object */;
}
